
Microsoft Visual Studio Solution File, Format Version 12.00
# Visual Studio Version 16
VisualStudioVersion = 16.0.30717.126
MinimumVisualStudioVersion = 10.0.40219.1
Project("{FAE04EC0-301F-11D3-BF4B-00C04F79EFBC}") = "RentaCar", "CMPE312-RentaCar\RentaCar.csproj", "{AA8BD99A-F6E8-4FDF-A793-93E24F63514E}"
EndProject
Global
	GlobalSection(SolutionConfigurationPlatforms) = preSolution
		Debug|Any CPU = Debug|Any CPU
		Release|Any CPU = Release|Any CPU
	EndGlobalSection
	GlobalSection(ProjectConfigurationPlatforms) = postSolution
		{AA8BD99A-F6E8-4FDF-A793-93E24F63514E}.Debug|Any CPU.ActiveCfg = Debug|Any CPU
		{AA8BD99A-F6E8-4FDF-A793-93E24F63514E}.Debug|Any CPU.Build.0 = Debug|Any CPU
		{AA8BD99A-F6E8-4FDF-A793-93E24F63514E}.Release|Any CPU.ActiveCfg = Release|Any CPU
		{AA8BD99A-F6E8-4FDF-A793-93E24F63514E}.Release|Any CPU.Build.0 = Release|Any CPU
	EndGlobalSection
	GlobalSection(SolutionProperties) = preSolution
		HideSolutionNode = FALSE
	EndGlobalSection
	GlobalSection(ExtensibilityGlobals) = postSolution
		SolutionGuid = {F3DE6FB5-FF0C-4BB4-9AB1-95C9A1D6C680}
	EndGlobalSection
EndGlobal
